
Microsoft Visual Studio Solution File, Format Version 12.00
# Visual Studio Version 16
VisualStudioVersion = 16.0.31702.278
MinimumVisualStudioVersion = 10.0.40219.1
Project("{FAE04EC0-301F-11D3-BF4B-00C04F79EFBC}") = "pruebaGroup7", "pruebaGroup7.csproj", "{89F6F365-9F42-4E0F-B070-9EBFB11C7413}"
EndProject
Global
	GlobalSection(SolutionConfigurationPlatforms) = preSolution
		Debug|Any CPU = Debug|Any CPU
		Release|Any CPU = Release|Any CPU
	EndGlobalSection
	GlobalSection(ProjectConfigurationPlatforms) = postSolution
		{89F6F365-9F42-4E0F-B070-9EBFB11C7413}.Debug|Any CPU.ActiveCfg = Debug|Any CPU
		{89F6F365-9F42-4E0F-B070-9EBFB11C7413}.Debug|Any CPU.Build.0 = Debug|Any CPU
		{89F6F365-9F42-4E0F-B070-9EBFB11C7413}.Release|Any CPU.ActiveCfg = Release|Any CPU
		{89F6F365-9F42-4E0F-B070-9EBFB11C7413}.Release|Any CPU.Build.0 = Release|Any CPU
	EndGlobalSection
	GlobalSection(SolutionProperties) = preSolution
		HideSolutionNode = FALSE
	EndGlobalSection
	GlobalSection(ExtensibilityGlobals) = postSolution
		SolutionGuid = {AC878D6B-694F-49DE-A444-EC7F08C81AED}
	EndGlobalSection
EndGlobal
